// !$*UTF8*$!
{
	archiveVersion = 1;
	classes = {
	};
	objectVersion = 45;
	objects = {

/* Begin PBXBuildFile section */
		1D3623260D0F684500981E51 /* iCampusAppDelegate.m in Sources */ = {isa = PBXBuildFile; fileRef = 1D3623250D0F684500981E51 /* iCampusAppDelegate.m */; };
		1D60589B0D05DD56006BFB54 /* main.m in Sources */ = {isa = PBXBuildFile; fileRef = 29B97316FDCFA39411CA2CEA /* main.m */; };
		1D60589F0D05DD5A006BFB54 /* Foundation.framework in Frameworks */ = {isa = PBXBuildFile; fileRef = 1D30AB110D05D00D00671497 /* Foundation.framework */; };
		1DF5F4E00D08C38300B7A737 /* UIKit.framework in Frameworks */ = {isa = PBXBuildFile; fileRef = 1DF5F4DF0D08C38300B7A737 /* UIKit.framework */; };
		28860BE50F44EE6400985440 /* CoreData.framework in Frameworks */ = {isa = PBXBuildFile; fileRef = 28860BE40F44EE6400985440 /* CoreData.framework */; };
		2892E4100DC94CBA00A64D0F /* CoreGraphics.framework in Frameworks */ = {isa = PBXBuildFile; fileRef = 2892E40F0DC94CBA00A64D0F /* CoreGraphics.framework */; };
		28AD73600D9D9599002E5188 /* MainWindow.xib in Resources */ = {isa = PBXBuildFile; fileRef = 28AD735F0D9D9599002E5188 /* MainWindow.xib */; };
		28D3F202112F7DC200FD0661 /* iCampus.xcdatamodeld in Sources */ = {isa = PBXBuildFile; fileRef = 28D3F201112F7DC200FD0661 /* iCampus.xcdatamodeld */; };
		6D7BE6F011E13EF0007F9B2B /* EventsParser.m in Sources */ = {isa = PBXBuildFile; fileRef = 6D7BE6EF11E13EF0007F9B2B /* EventsParser.m */; };
		6DF9F8B011F16F1B00F90ECA /* ConferenciasNavController.m in Sources */ = {isa = PBXBuildFile; fileRef = 6DF9F8AE11F16F1B00F90ECA /* ConferenciasNavController.m */; };
		6DF9F8B111F16F1B00F90ECA /* ConferenciasNavController.xib in Resources */ = {isa = PBXBuildFile; fileRef = 6DF9F8AF11F16F1B00F90ECA /* ConferenciasNavController.xib */; };
		6DF9F8F911F1771A00F90ECA /* TorneosNavController.m in Sources */ = {isa = PBXBuildFile; fileRef = 6DF9F8F711F1771A00F90ECA /* TorneosNavController.m */; };
		6DF9F8FA11F1771A00F90ECA /* TorneosNavController.xib in Resources */ = {isa = PBXBuildFile; fileRef = 6DF9F8F811F1771A00F90ECA /* TorneosNavController.xib */; };
		6DF9F91111F1790700F90ECA /* ActividadesNavController.m in Sources */ = {isa = PBXBuildFile; fileRef = 6DF9F90F11F1790700F90ECA /* ActividadesNavController.m */; };
		6DF9F91211F1790700F90ECA /* ActividadesNavController.xib in Resources */ = {isa = PBXBuildFile; fileRef = 6DF9F91011F1790700F90ECA /* ActividadesNavController.xib */; };
		6DF9F95611F17EC000F90ECA /* balon.png in Resources */ = {isa = PBXBuildFile; fileRef = 6DF9F95211F17EC000F90ECA /* balon.png */; };
		6DF9F95711F17EC000F90ECA /* guitar.png in Resources */ = {isa = PBXBuildFile; fileRef = 6DF9F95311F17EC000F90ECA /* guitar.png */; };
		6DF9F95811F17EC000F90ECA /* micro.png in Resources */ = {isa = PBXBuildFile; fileRef = 6DF9F95411F17EC000F90ECA /* micro.png */; };
		6DF9F95911F17EC000F90ECA /* reloj.png in Resources */ = {isa = PBXBuildFile; fileRef = 6DF9F95511F17EC000F90ECA /* reloj.png */; };
		6DF9FA4F11F2F86D00F90ECA /* Conferencia.m in Sources */ = {isa = PBXBuildFile; fileRef = 6DF9FA4E11F2F86D00F90ECA /* Conferencia.m */; };
		6DF9FA6111F2FA1A00F90ECA /* IndiceConferenciasViewController.m in Sources */ = {isa = PBXBuildFile; fileRef = 6DF9FA6011F2FA1A00F90ECA /* IndiceConferenciasViewController.m */; };
		6DF9FA9911F3824700F90ECA /* calavera.png in Resources */ = {isa = PBXBuildFile; fileRef = 6DF9FA9811F3824700F90ECA /* calavera.png */; };
/* End PBXBuildFile section */

/* Begin PBXFileReference section */
		1D30AB110D05D00D00671497 /* Foundation.framework */ = {isa = PBXFileReference; lastKnownFileType = wrapper.framework; name = Foundation.framework; path = System/Library/Frameworks/Foundation.framework; sourceTree = SDKROOT; };
		1D3623240D0F684500981E51 /* iCampusAppDelegate.h */ = {isa = PBXFileReference; fileEncoding = 4; lastKnownFileType = sourcecode.c.h; path = iCampusAppDelegate.h; sourceTree = "<group>"; };
		1D3623250D0F684500981E51 /* iCampusAppDelegate.m */ = {isa = PBXFileReference; fileEncoding = 4; lastKnownFileType = sourcecode.c.objc; path = iCampusAppDelegate.m; sourceTree = "<group>"; };
		1D6058910D05DD3D006BFB54 /* iCampus.app */ = {isa = PBXFileReference; explicitFileType = wrapper.application; includeInIndex = 0; path = iCampus.app; sourceTree = BUILT_PRODUCTS_DIR; };
		1DF5F4DF0D08C38300B7A737 /* UIKit.framework */ = {isa = PBXFileReference; lastKnownFileType = wrapper.framework; name = UIKit.framework; path = System/Library/Frameworks/UIKit.framework; sourceTree = SDKROOT; };
		28860B760F44E54D00985440 /* iCampus.xcdatamodel */ = {isa = PBXFileReference; fileEncoding = 4; lastKnownFileType = wrapper.xcdatamodel; path = iCampus.xcdatamodel; sourceTree = "<group>"; };
		28860BE40F44EE6400985440 /* CoreData.framework */ = {isa = PBXFileReference; lastKnownFileType = wrapper.framework; name = CoreData.framework; path = System/Library/Frameworks/CoreData.framework; sourceTree = SDKROOT; };
		2892E40F0DC94CBA00A64D0F /* CoreGraphics.framework */ = {isa = PBXFileReference; lastKnownFileType = wrapper.framework; name = CoreGraphics.framework; path = System/Library/Frameworks/CoreGraphics.framework; sourceTree = SDKROOT; };
		28A0AAE50D9B0CCF005BE974 /* iCampus_Prefix.pch */ = {isa = PBXFileReference; fileEncoding = 4; lastKnownFileType = sourcecode.c.h; path = iCampus_Prefix.pch; sourceTree = "<group>"; };
		28AD735F0D9D9599002E5188 /* MainWindow.xib */ = {isa = PBXFileReference; lastKnownFileType = file.xib; path = MainWindow.xib; sourceTree = "<group>"; };
		29B97316FDCFA39411CA2CEA /* main.m */ = {isa = PBXFileReference; fileEncoding = 4; lastKnownFileType = sourcecode.c.objc; path = main.m; sourceTree = "<group>"; };
		6D7BE6EE11E13EF0007F9B2B /* EventsParser.h */ = {isa = PBXFileReference; fileEncoding = 4; lastKnownFileType = sourcecode.c.h; path = EventsParser.h; sourceTree = "<group>"; };
		6D7BE6EF11E13EF0007F9B2B /* EventsParser.m */ = {isa = PBXFileReference; fileEncoding = 4; lastKnownFileType = sourcecode.c.objc; path = EventsParser.m; sourceTree = "<group>"; };
		6DF9F8AD11F16F1B00F90ECA /* ConferenciasNavController.h */ = {isa = PBXFileReference; fileEncoding = 4; lastKnownFileType = sourcecode.c.h; path = ConferenciasNavController.h; sourceTree = "<group>"; };
		6DF9F8AE11F16F1B00F90ECA /* ConferenciasNavController.m */ = {isa = PBXFileReference; fileEncoding = 4; lastKnownFileType = sourcecode.c.objc; path = ConferenciasNavController.m; sourceTree = "<group>"; };
		6DF9F8AF11F16F1B00F90ECA /* ConferenciasNavController.xib */ = {isa = PBXFileReference; lastKnownFileType = file.xib; name = ConferenciasNavController.xib; path = Classes/ConferenciasNavController.xib; sourceTree = "<group>"; };
		6DF9F8F611F1771A00F90ECA /* TorneosNavController.h */ = {isa = PBXFileReference; fileEncoding = 4; lastKnownFileType = sourcecode.c.h; path = TorneosNavController.h; sourceTree = "<group>"; };
		6DF9F8F711F1771A00F90ECA /* TorneosNavController.m */ = {isa = PBXFileReference; fileEncoding = 4; lastKnownFileType = sourcecode.c.objc; path = TorneosNavController.m; sourceTree = "<group>"; };
		6DF9F8F811F1771A00F90ECA /* TorneosNavController.xib */ = {isa = PBXFileReference; lastKnownFileType = file.xib; name = TorneosNavController.xib; path = Classes/TorneosNavController.xib; sourceTree = "<group>"; };
		6DF9F90E11F1790700F90ECA /* ActividadesNavController.h */ = {isa = PBXFileReference; fileEncoding = 4; lastKnownFileType = sourcecode.c.h; path = ActividadesNavController.h; sourceTree = "<group>"; };
		6DF9F90F11F1790700F90ECA /* ActividadesNavController.m */ = {isa = PBXFileReference; fileEncoding = 4; lastKnownFileType = sourcecode.c.objc; path = ActividadesNavController.m; sourceTree = "<group>"; };
		6DF9F91011F1790700F90ECA /* ActividadesNavController.xib */ = {isa = PBXFileReference; lastKnownFileType = file.xib; name = ActividadesNavController.xib; path = Classes/ActividadesNavController.xib; sourceTree = "<group>"; };
		6DF9F95211F17EC000F90ECA /* balon.png */ = {isa = PBXFileReference; lastKnownFileType = image.png; path = balon.png; sourceTree = "<group>"; };
		6DF9F95311F17EC000F90ECA /* guitar.png */ = {isa = PBXFileReference; lastKnownFileType = image.png; path = guitar.png; sourceTree = "<group>"; };
		6DF9F95411F17EC000F90ECA /* micro.png */ = {isa = PBXFileReference; lastKnownFileType = image.png; path = micro.png; sourceTree = "<group>"; };
		6DF9F95511F17EC000F90ECA /* reloj.png */ = {isa = PBXFileReference; lastKnownFileType = image.png; path = reloj.png; sourceTree = "<group>"; };
		6DF9FA4D11F2F86D00F90ECA /* Conferencia.h */ = {isa = PBXFileReference; fileEncoding = 4; lastKnownFileType = sourcecode.c.h; path = Conferencia.h; sourceTree = "<group>"; };
		6DF9FA4E11F2F86D00F90ECA /* Conferencia.m */ = {isa = PBXFileReference; fileEncoding = 4; lastKnownFileType = sourcecode.c.objc; path = Conferencia.m; sourceTree = "<group>"; };
		6DF9FA5F11F2FA1A00F90ECA /* IndiceConferenciasViewController.h */ = {isa = PBXFileReference; fileEncoding = 4; lastKnownFileType = sourcecode.c.h; path = IndiceConferenciasViewController.h; sourceTree = "<group>"; };
		6DF9FA6011F2FA1A00F90ECA /* IndiceConferenciasViewController.m */ = {isa = PBXFileReference; fileEncoding = 4; lastKnownFileType = sourcecode.c.objc; path = IndiceConferenciasViewController.m; sourceTree = "<group>"; };
		6DF9FA9811F3824700F90ECA /* calavera.png */ = {isa = PBXFileReference; lastKnownFileType = image.png; path = calavera.png; sourceTree = "<group>"; };
		8D1107310486CEB800E47090 /* iCampus-Info.plist */ = {isa = PBXFileReference; fileEncoding = 4; lastKnownFileType = text.plist.xml; path = "iCampus-Info.plist"; plistStructureDefinitionIdentifier = "com.apple.xcode.plist.structure-definition.iphone.info-plist"; sourceTree = "<group>"; };
/* End PBXFileReference section */

/* Begin PBXFrameworksBuildPhase section */
		1D60588F0D05DD3D006BFB54 /* Frameworks */ = {
			isa = PBXFrameworksBuildPhase;
			buildActionMask = 2147483647;
			files = (
				1D60589F0D05DD5A006BFB54 /* Foundation.framework in Frameworks */,
				1DF5F4E00D08C38300B7A737 /* UIKit.framework in Frameworks */,
				2892E4100DC94CBA00A64D0F /* CoreGraphics.framework in Frameworks */,
				28860BE50F44EE6400985440 /* CoreData.framework in Frameworks */,
			);
			runOnlyForDeploymentPostprocessing = 0;
		};
/* End PBXFrameworksBuildPhase section */

/* Begin PBXGroup section */
		080E96DDFE201D6D7F000001 /* Classes */ = {
			isa = PBXGroup;
			children = (
				6DF7A90211ED749B0086E00E /* Entities */,
				6DF7A90111ED74930086E00E /* Parsers */,
				6DF7A90011ED74860086E00E /* View Controllers */,
				1D3623240D0F684500981E51 /* iCampusAppDelegate.h */,
				1D3623250D0F684500981E51 /* iCampusAppDelegate.m */,
			);
			path = Classes;
			sourceTree = "<group>";
		};
		19C28FACFE9D520D11CA2CBB /* Products */ = {
			isa = PBXGroup;
			children = (
				1D6058910D05DD3D006BFB54 /* iCampus.app */,
			);
			name = Products;
			sourceTree = "<group>";
		};
		29B97314FDCFA39411CA2CEA /* CustomTemplate */ = {
			isa = PBXGroup;
			children = (
				6D7BE6F211E1408F007F9B2B /* Entities */,
				6D7BE6ED11E13E38007F9B2B /* XML Parsers */,
				080E96DDFE201D6D7F000001 /* Classes */,
				29B97315FDCFA39411CA2CEA /* Other Sources */,
				29B97317FDCFA39411CA2CEA /* Resources */,
				29B97323FDCFA39411CA2CEA /* Frameworks */,
				19C28FACFE9D520D11CA2CBB /* Products */,
			);
			name = CustomTemplate;
			sourceTree = "<group>";
		};
		29B97315FDCFA39411CA2CEA /* Other Sources */ = {
			isa = PBXGroup;
			children = (
				6DF9F95111F17EC000F90ECA /* images */,
				28A0AAE50D9B0CCF005BE974 /* iCampus_Prefix.pch */,
				29B97316FDCFA39411CA2CEA /* main.m */,
			);
			name = "Other Sources";
			sourceTree = "<group>";
		};
		29B97317FDCFA39411CA2CEA /* Resources */ = {
			isa = PBXGroup;
			children = (
				6DF9F92611F1797100F90ECA /* Calendario */,
				6DF9F92511F1796A00F90ECA /* Conferencias */,
				6DF9F92411F1796200F90ECA /* Torneos */,
				6DF9F92311F1795C00F90ECA /* Actividades */,
				28D3F201112F7DC200FD0661 /* iCampus.xcdatamodeld */,
				28AD735F0D9D9599002E5188 /* MainWindow.xib */,
				8D1107310486CEB800E47090 /* iCampus-Info.plist */,
			);
			name = Resources;
			sourceTree = "<group>";
		};
		29B97323FDCFA39411CA2CEA /* Frameworks */ = {
			isa = PBXGroup;
			children = (
				1DF5F4DF0D08C38300B7A737 /* UIKit.framework */,
				1D30AB110D05D00D00671497 /* Foundation.framework */,
				2892E40F0DC94CBA00A64D0F /* CoreGraphics.framework */,
				28860BE40F44EE6400985440 /* CoreData.framework */,
			);
			name = Frameworks;
			sourceTree = "<group>";
		};
		6D7BE6ED11E13E38007F9B2B /* XML Parsers */ = {
			isa = PBXGroup;
			children = (
				6D7BE6EE11E13EF0007F9B2B /* EventsParser.h */,
				6D7BE6EF11E13EF0007F9B2B /* EventsParser.m */,
			);
			name = "XML Parsers";
			sourceTree = "<group>";
		};
		6D7BE6F211E1408F007F9B2B /* Entities */ = {
			isa = PBXGroup;
			children = (
				6DF9FA4D11F2F86D00F90ECA /* Conferencia.h */,
				6DF9FA4E11F2F86D00F90ECA /* Conferencia.m */,
			);
			name = Entities;
			sourceTree = "<group>";
		};
		6DF7A90011ED74860086E00E /* View Controllers */ = {
			isa = PBXGroup;
			children = (
				6DF9F8EF11F1768300F90ECA /* Conferencias */,
				6DF9F8F111F1769300F90ECA /* Actividades */,
				6DF9F8F011F1768C00F90ECA /* Torneos */,
				6DF9F8F211F1769C00F90ECA /* Calendario */,
			);
			name = "View Controllers";
			sourceTree = "<group>";
		};
		6DF7A90111ED74930086E00E /* Parsers */ = {
			isa = PBXGroup;
			children = (
			);
			name = Parsers;
			sourceTree = "<group>";
		};
		6DF7A90211ED749B0086E00E /* Entities */ = {
			isa = PBXGroup;
			children = (
			);
			name = Entities;
			sourceTree = "<group>";
		};
		6DF9F8EF11F1768300F90ECA /* Conferencias */ = {
			isa = PBXGroup;
			children = (
				6DF9F8AD11F16F1B00F90ECA /* ConferenciasNavController.h */,
				6DF9F8AE11F16F1B00F90ECA /* ConferenciasNavController.m */,
				6DF9FA5F11F2FA1A00F90ECA /* IndiceConferenciasViewController.h */,
				6DF9FA6011F2FA1A00F90ECA /* IndiceConferenciasViewController.m */,
			);
			name = Conferencias;
			sourceTree = "<group>";
		};
		6DF9F8F011F1768C00F90ECA /* Torneos */ = {
			isa = PBXGroup;
			children = (
				6DF9F8F611F1771A00F90ECA /* TorneosNavController.h */,
				6DF9F8F711F1771A00F90ECA /* TorneosNavController.m */,
			);
			name = Torneos;
			sourceTree = "<group>";
		};
		6DF9F8F111F1769300F90ECA /* Actividades */ = {
			isa = PBXGroup;
			children = (
				6DF9F90E11F1790700F90ECA /* ActividadesNavController.h */,
				6DF9F90F11F1790700F90ECA /* ActividadesNavController.m */,
			);
			name = Actividades;
			sourceTree = "<group>";
		};
		6DF9F8F211F1769C00F90ECA /* Calendario */ = {
			isa = PBXGroup;
			children = (
			);
			name = Calendario;
			sourceTree = "<group>";
		};
		6DF9F92311F1795C00F90ECA /* Actividades */ = {
			isa = PBXGroup;
			children = (
				6DF9F91011F1790700F90ECA /* ActividadesNavController.xib */,
			);
			name = Actividades;
			sourceTree = "<group>";
		};
		6DF9F92411F1796200F90ECA /* Torneos */ = {
			isa = PBXGroup;
			children = (
				6DF9F8F811F1771A00F90ECA /* TorneosNavController.xib */,
			);
			name = Torneos;
			sourceTree = "<group>";
		};
		6DF9F92511F1796A00F90ECA /* Conferencias */ = {
			isa = PBXGroup;
			children = (
				6DF9F8AF11F16F1B00F90ECA /* ConferenciasNavController.xib */,
			);
			name = Conferencias;
			sourceTree = "<group>";
		};
		6DF9F92611F1797100F90ECA /* Calendario */ = {
			isa = PBXGroup;
			children = (
			);
			name = Calendario;
			sourceTree = "<group>";
		};
		6DF9F95111F17EC000F90ECA /* images */ = {
			isa = PBXGroup;
			children = (
				6DF9FA9811F3824700F90ECA /* calavera.png */,
				6DF9F95211F17EC000F90ECA /* balon.png */,
				6DF9F95311F17EC000F90ECA /* guitar.png */,
				6DF9F95411F17EC000F90ECA /* micro.png */,
				6DF9F95511F17EC000F90ECA /* reloj.png */,
			);
			path = images;
			sourceTree = "<group>";
		};
/* End PBXGroup section */

/* Begin PBXNativeTarget section */
		1D6058900D05DD3D006BFB54 /* iCampus */ = {
			isa = PBXNativeTarget;
			buildConfigurationList = 1D6058960D05DD3E006BFB54 /* Build configuration list for PBXNativeTarget "iCampus" */;
			buildPhases = (
				1D60588D0D05DD3D006BFB54 /* Resources */,
				1D60588E0D05DD3D006BFB54 /* Sources */,
				1D60588F0D05DD3D006BFB54 /* Frameworks */,
			);
			buildRules = (
			);
			dependencies = (
			);
			name = iCampus;
			productName = iCampus;
			productReference = 1D6058910D05DD3D006BFB54 /* iCampus.app */;
			productType = "com.apple.product-type.application";
		};
/* End PBXNativeTarget section */

/* Begin PBXProject section */
		29B97313FDCFA39411CA2CEA /* Project object */ = {
			isa = PBXProject;
			buildConfigurationList = C01FCF4E08A954540054247B /* Build configuration list for PBXProject "iCampus" */;
			compatibilityVersion = "Xcode 3.1";
			developmentRegion = English;
			hasScannedForEncodings = 1;
			knownRegions = (
				English,
				Japanese,
				French,
				German,
				en,
			);
			mainGroup = 29B97314FDCFA39411CA2CEA /* CustomTemplate */;
			projectDirPath = "";
			projectRoot = "";
			targets = (
				1D6058900D05DD3D006BFB54 /* iCampus */,
			);
		};
/* End PBXProject section */

/* Begin PBXResourcesBuildPhase section */
		1D60588D0D05DD3D006BFB54 /* Resources */ = {
			isa = PBXResourcesBuildPhase;
			buildActionMask = 2147483647;
			files = (
				28AD73600D9D9599002E5188 /* MainWindow.xib in Resources */,
				6DF9F8B111F16F1B00F90ECA /* ConferenciasNavController.xib in Resources */,
				6DF9F8FA11F1771A00F90ECA /* TorneosNavController.xib in Resources */,
				6DF9F91211F1790700F90ECA /* ActividadesNavController.xib in Resources */,
				6DF9F95611F17EC000F90ECA /* balon.png in Resources */,
				6DF9F95711F17EC000F90ECA /* guitar.png in Resources */,
				6DF9F95811F17EC000F90ECA /* micro.png in Resources */,
				6DF9F95911F17EC000F90ECA /* reloj.png in Resources */,
				6DF9FA9911F3824700F90ECA /* calavera.png in Resources */,
			);
			runOnlyForDeploymentPostprocessing = 0;
		};
/* End PBXResourcesBuildPhase section */

/* Begin PBXSourcesBuildPhase section */
		1D60588E0D05DD3D006BFB54 /* Sources */ = {
			isa = PBXSourcesBuildPhase;
			buildActionMask = 2147483647;
			files = (
				1D60589B0D05DD56006BFB54 /* main.m in Sources */,
				1D3623260D0F684500981E51 /* iCampusAppDelegate.m in Sources */,
				28D3F202112F7DC200FD0661 /* iCampus.xcdatamodeld in Sources */,
				6D7BE6F011E13EF0007F9B2B /* EventsParser.m in Sources */,
				6DF9F8B011F16F1B00F90ECA /* ConferenciasNavController.m in Sources */,
				6DF9F8F911F1771A00F90ECA /* TorneosNavController.m in Sources */,
				6DF9F91111F1790700F90ECA /* ActividadesNavController.m in Sources */,
				6DF9FA4F11F2F86D00F90ECA /* Conferencia.m in Sources */,
				6DF9FA6111F2FA1A00F90ECA /* IndiceConferenciasViewController.m in Sources */,
			);
			runOnlyForDeploymentPostprocessing = 0;
		};
/* End PBXSourcesBuildPhase section */

/* Begin XCBuildConfiguration section */
		1D6058940D05DD3E006BFB54 /* Debug */ = {
			isa = XCBuildConfiguration;
			buildSettings = {
				ALWAYS_SEARCH_USER_PATHS = NO;
				COPY_PHASE_STRIP = NO;
				GCC_DYNAMIC_NO_PIC = NO;
				GCC_OPTIMIZATION_LEVEL = 0;
				GCC_PRECOMPILE_PREFIX_HEADER = YES;
				GCC_PREFIX_HEADER = iCampus_Prefix.pch;
				INFOPLIST_FILE = "iCampus-Info.plist";
				IPHONEOS_DEPLOYMENT_TARGET = 4.2;
				PRODUCT_NAME = iCampus;
				SDKROOT = iphoneos4.3;
			};
			name = Debug;
		};
		1D6058950D05DD3E006BFB54 /* Release */ = {
			isa = XCBuildConfiguration;
			buildSettings = {
				ALWAYS_SEARCH_USER_PATHS = NO;
				COPY_PHASE_STRIP = YES;
				GCC_PRECOMPILE_PREFIX_HEADER = YES;
				GCC_PREFIX_HEADER = iCampus_Prefix.pch;
				INFOPLIST_FILE = "iCampus-Info.plist";
				IPHONEOS_DEPLOYMENT_TARGET = 4.2;
				PRODUCT_NAME = iCampus;
				SDKROOT = iphoneos4.3;
				VALIDATE_PRODUCT = YES;
			};
			name = Release;
		};
		C01FCF4F08A954540054247B /* Debug */ = {
			isa = XCBuildConfiguration;
			buildSettings = {
				ARCHS = "$(ARCHS_STANDARD_32_BIT)";
				"CODE_SIGN_IDENTITY[sdk=iphoneos*]" = "iPhone Developer";
				GCC_C_LANGUAGE_STANDARD = c99;
				GCC_WARN_ABOUT_RETURN_TYPE = YES;
				GCC_WARN_UNUSED_VARIABLE = YES;
				PREBINDING = NO;
				SDKROOT = iphoneos4.0;
			};
			name = Debug;
		};
		C01FCF5008A954540054247B /* Release */ = {
			isa = XCBuildConfiguration;
			buildSettings = {
				ARCHS = "$(ARCHS_STANDARD_32_BIT)";
				"CODE_SIGN_IDENTITY[sdk=iphoneos*]" = "iPhone Developer";
				GCC_C_LANGUAGE_STANDARD = c99;
				GCC_WARN_ABOUT_RETURN_TYPE = YES;
				GCC_WARN_UNUSED_VARIABLE = YES;
				OTHER_CFLAGS = "-DNS_BLOCK_ASSERTIONS=1";
				PREBINDING = NO;
				SDKROOT = iphoneos4.0;
			};
			name = Release;
		};
/* End XCBuildConfiguration section */

/* Begin XCConfigurationList section */
		1D6058960D05DD3E006BFB54 /* Build configuration list for PBXNativeTarget "iCampus" */ = {
			isa = XCConfigurationList;
			buildConfigurations = (
				1D6058940D05DD3E006BFB54 /* Debug */,
				1D6058950D05DD3E006BFB54 /* Release */,
			);
			defaultConfigurationIsVisible = 0;
			defaultConfigurationName = Release;
		};
		C01FCF4E08A954540054247B /* Build configuration list for PBXProject "iCampus" */ = {
			isa = XCConfigurationList;
			buildConfigurations = (
				C01FCF4F08A954540054247B /* Debug */,
				C01FCF5008A954540054247B /* Release */,
			);
			defaultConfigurationIsVisible = 0;
			defaultConfigurationName = Release;
		};
/* End XCConfigurationList section */

/* Begin XCVersionGroup section */
		28D3F201112F7DC200FD0661 /* iCampus.xcdatamodeld */ = {
			isa = XCVersionGroup;
			children = (
				28860B760F44E54D00985440 /* iCampus.xcdatamodel */,
			);
			currentVersion = 28860B760F44E54D00985440 /* iCampus.xcdatamodel */;
			path = iCampus.xcdatamodeld;
			sourceTree = "<group>";
			versionGroupType = wrapper.xcdatamodel;
		};
/* End XCVersionGroup section */
	};
	rootObject = 29B97313FDCFA39411CA2CEA /* Project object */;
}
